
Microsoft Visual Studio Solution File, Format Version 12.00
# Visual Studio 15
VisualStudioVersion = 15.0.27130.2036
MinimumVisualStudioVersion = 10.0.40219.1
Project("{FAE04EC0-301F-11D3-BF4B-00C04F79EFBC}") = "IntroToInheritance", "IntroToInheritance\IntroToInheritance.csproj", "{3630211B-D5D7-446B-994E-7E52B0EA12D3}"
EndProject
Project("{FAE04EC0-301F-11D3-BF4B-00C04F79EFBC}") = "CircularShapesLib", "CircularShapesLib\CircularShapesLib.csproj", "{4621EFA6-139B-47CF-B7A7-9CF422093A59}"
EndProject
Global
	GlobalSection(SolutionConfigurationPlatforms) = preSolution
		Debug|Any CPU = Debug|Any CPU
		Release|Any CPU = Release|Any CPU
	EndGlobalSection
	GlobalSection(ProjectConfigurationPlatforms) = postSolution
		{3630211B-D5D7-446B-994E-7E52B0EA12D3}.Debug|Any CPU.ActiveCfg = Debug|Any CPU
		{3630211B-D5D7-446B-994E-7E52B0EA12D3}.Debug|Any CPU.Build.0 = Debug|Any CPU
		{3630211B-D5D7-446B-994E-7E52B0EA12D3}.Release|Any CPU.ActiveCfg = Release|Any CPU
		{3630211B-D5D7-446B-994E-7E52B0EA12D3}.Release|Any CPU.Build.0 = Release|Any CPU
		{4621EFA6-139B-47CF-B7A7-9CF422093A59}.Debug|Any CPU.ActiveCfg = Debug|Any CPU
		{4621EFA6-139B-47CF-B7A7-9CF422093A59}.Debug|Any CPU.Build.0 = Debug|Any CPU
		{4621EFA6-139B-47CF-B7A7-9CF422093A59}.Release|Any CPU.ActiveCfg = Release|Any CPU
		{4621EFA6-139B-47CF-B7A7-9CF422093A59}.Release|Any CPU.Build.0 = Release|Any CPU
	EndGlobalSection
	GlobalSection(SolutionProperties) = preSolution
		HideSolutionNode = FALSE
	EndGlobalSection
	GlobalSection(ExtensibilityGlobals) = postSolution
		SolutionGuid = {BB8382C9-883C-4ED4-A145-8E7B7D04B51F}
	EndGlobalSection
EndGlobal
