
Microsoft Visual Studio Solution File, Format Version 12.00
# Visual Studio 15
VisualStudioVersion = 15.0.27428.2037
MinimumVisualStudioVersion = 10.0.40219.1
Project("{FAE04EC0-301F-11D3-BF4B-00C04F79EFBC}") = "Interface_as_Parent", "Interface_as_Parent\Interface_as_Parent.csproj", "{0B5CEC2C-F8B3-46EE-92CF-517A0AB599EF}"
EndProject
Project("{FAE04EC0-301F-11D3-BF4B-00C04F79EFBC}") = "InterfaceLib", "InterfaceLib\InterfaceLib.csproj", "{75F73790-B1ED-4ADE-BFA1-7941019C638E}"
EndProject
Global
	GlobalSection(SolutionConfigurationPlatforms) = preSolution
		Debug|Any CPU = Debug|Any CPU
		Release|Any CPU = Release|Any CPU
	EndGlobalSection
	GlobalSection(ProjectConfigurationPlatforms) = postSolution
		{0B5CEC2C-F8B3-46EE-92CF-517A0AB599EF}.Debug|Any CPU.ActiveCfg = Debug|Any CPU
		{0B5CEC2C-F8B3-46EE-92CF-517A0AB599EF}.Debug|Any CPU.Build.0 = Debug|Any CPU
		{0B5CEC2C-F8B3-46EE-92CF-517A0AB599EF}.Release|Any CPU.ActiveCfg = Release|Any CPU
		{0B5CEC2C-F8B3-46EE-92CF-517A0AB599EF}.Release|Any CPU.Build.0 = Release|Any CPU
		{75F73790-B1ED-4ADE-BFA1-7941019C638E}.Debug|Any CPU.ActiveCfg = Debug|Any CPU
		{75F73790-B1ED-4ADE-BFA1-7941019C638E}.Debug|Any CPU.Build.0 = Debug|Any CPU
		{75F73790-B1ED-4ADE-BFA1-7941019C638E}.Release|Any CPU.ActiveCfg = Release|Any CPU
		{75F73790-B1ED-4ADE-BFA1-7941019C638E}.Release|Any CPU.Build.0 = Release|Any CPU
	EndGlobalSection
	GlobalSection(SolutionProperties) = preSolution
		HideSolutionNode = FALSE
	EndGlobalSection
	GlobalSection(ExtensibilityGlobals) = postSolution
		SolutionGuid = {F36B9602-B691-4F0F-B825-E916D9C613DC}
	EndGlobalSection
EndGlobal
