
Microsoft Visual Studio Solution File, Format Version 12.00
# Visual Studio 15
VisualStudioVersion = 15.0.27428.2015
MinimumVisualStudioVersion = 10.0.40219.1
Project("{FAE04EC0-301F-11D3-BF4B-00C04F79EFBC}") = "WindAppPolymorphism", "WindAppPolymorphism\WindAppPolymorphism.csproj", "{FD914D68-44F6-49C3-B78B-DD5BEC0D932C}"
EndProject
Project("{FAE04EC0-301F-11D3-BF4B-00C04F79EFBC}") = "PolymorphicCircularShapeLib", "PolymorphicCircularShapeLib\PolymorphicCircularShapeLib.csproj", "{41AC284B-446F-48BB-BBE9-9CFA01A59B83}"
EndProject
Global
	GlobalSection(SolutionConfigurationPlatforms) = preSolution
		Debug|Any CPU = Debug|Any CPU
		Release|Any CPU = Release|Any CPU
	EndGlobalSection
	GlobalSection(ProjectConfigurationPlatforms) = postSolution
		{FD914D68-44F6-49C3-B78B-DD5BEC0D932C}.Debug|Any CPU.ActiveCfg = Debug|Any CPU
		{FD914D68-44F6-49C3-B78B-DD5BEC0D932C}.Debug|Any CPU.Build.0 = Debug|Any CPU
		{FD914D68-44F6-49C3-B78B-DD5BEC0D932C}.Release|Any CPU.ActiveCfg = Release|Any CPU
		{FD914D68-44F6-49C3-B78B-DD5BEC0D932C}.Release|Any CPU.Build.0 = Release|Any CPU
		{41AC284B-446F-48BB-BBE9-9CFA01A59B83}.Debug|Any CPU.ActiveCfg = Debug|Any CPU
		{41AC284B-446F-48BB-BBE9-9CFA01A59B83}.Debug|Any CPU.Build.0 = Debug|Any CPU
		{41AC284B-446F-48BB-BBE9-9CFA01A59B83}.Release|Any CPU.ActiveCfg = Release|Any CPU
		{41AC284B-446F-48BB-BBE9-9CFA01A59B83}.Release|Any CPU.Build.0 = Release|Any CPU
	EndGlobalSection
	GlobalSection(SolutionProperties) = preSolution
		HideSolutionNode = FALSE
	EndGlobalSection
	GlobalSection(ExtensibilityGlobals) = postSolution
		SolutionGuid = {D0833578-A675-4554-A011-152F5BCAD023}
	EndGlobalSection
EndGlobal
